
Microsoft Visual Studio Solution File, Format Version 12.00
# Visual Studio Version 16
VisualStudioVersion = 16.0.32106.194
MinimumVisualStudioVersion = 10.0.40219.1
Project("{FAE04EC0-301F-11D3-BF4B-00C04F79EFBC}") = "Ultimate Predictor", "Ultimate Predictor\Ultimate Predictor.csproj", "{6D5137F1-8CBF-4633-B00D-7B759C65237D}"
EndProject
Global
	GlobalSection(SolutionConfigurationPlatforms) = preSolution
		Debug|Any CPU = Debug|Any CPU
		Release|Any CPU = Release|Any CPU
	EndGlobalSection
	GlobalSection(ProjectConfigurationPlatforms) = postSolution
		{6D5137F1-8CBF-4633-B00D-7B759C65237D}.Debug|Any CPU.ActiveCfg = Debug|Any CPU
		{6D5137F1-8CBF-4633-B00D-7B759C65237D}.Debug|Any CPU.Build.0 = Debug|Any CPU
		{6D5137F1-8CBF-4633-B00D-7B759C65237D}.Release|Any CPU.ActiveCfg = Release|Any CPU
		{6D5137F1-8CBF-4633-B00D-7B759C65237D}.Release|Any CPU.Build.0 = Release|Any CPU
	EndGlobalSection
	GlobalSection(SolutionProperties) = preSolution
		HideSolutionNode = FALSE
	EndGlobalSection
	GlobalSection(ExtensibilityGlobals) = postSolution
		SolutionGuid = {95FEDFBE-07ED-42EE-9D6F-0D3493227E91}
	EndGlobalSection
EndGlobal
